
Microsoft Visual Studio Solution File, Format Version 12.00
Project("{FAE04EC0-301F-11D3-BF4B-00C04F79EFBC}") = "Clean.Domain", "Clean.Domain\Clean.Domain.csproj", "{EB0CB87B-9580-432E-8E36-D5D3C3D46F91}"
EndProject
Project("{FAE04EC0-301F-11D3-BF4B-00C04F79EFBC}") = "Clean.Infrastructure", "Clean.Infrastructure\Clean.Infrastructure.csproj", "{9AD587B6-2C04-485D-BEEF-910157E5595C}"
EndProject
Project("{FAE04EC0-301F-11D3-BF4B-00C04F79EFBC}") = "Clean.Application", "Clean.Application\Clean.Application.csproj", "{AB64963E-2180-4B7C-81A5-C4C829ECBE49}"
EndProject
Project("{FAE04EC0-301F-11D3-BF4B-00C04F79EFBC}") = "WebApi", "WebApi\WebApi.csproj", "{D331DAB8-42C8-4956-9269-CBE60FDF9BB7}"
EndProject
Global
	GlobalSection(SolutionConfigurationPlatforms) = preSolution
		Debug|Any CPU = Debug|Any CPU
		Release|Any CPU = Release|Any CPU
	EndGlobalSection
	GlobalSection(ProjectConfigurationPlatforms) = postSolution
		{EB0CB87B-9580-432E-8E36-D5D3C3D46F91}.Debug|Any CPU.ActiveCfg = Debug|Any CPU
		{EB0CB87B-9580-432E-8E36-D5D3C3D46F91}.Debug|Any CPU.Build.0 = Debug|Any CPU
		{EB0CB87B-9580-432E-8E36-D5D3C3D46F91}.Release|Any CPU.ActiveCfg = Release|Any CPU
		{EB0CB87B-9580-432E-8E36-D5D3C3D46F91}.Release|Any CPU.Build.0 = Release|Any CPU
		{9AD587B6-2C04-485D-BEEF-910157E5595C}.Debug|Any CPU.ActiveCfg = Debug|Any CPU
		{9AD587B6-2C04-485D-BEEF-910157E5595C}.Debug|Any CPU.Build.0 = Debug|Any CPU
		{9AD587B6-2C04-485D-BEEF-910157E5595C}.Release|Any CPU.ActiveCfg = Release|Any CPU
		{9AD587B6-2C04-485D-BEEF-910157E5595C}.Release|Any CPU.Build.0 = Release|Any CPU
		{AB64963E-2180-4B7C-81A5-C4C829ECBE49}.Debug|Any CPU.ActiveCfg = Debug|Any CPU
		{AB64963E-2180-4B7C-81A5-C4C829ECBE49}.Debug|Any CPU.Build.0 = Debug|Any CPU
		{AB64963E-2180-4B7C-81A5-C4C829ECBE49}.Release|Any CPU.ActiveCfg = Release|Any CPU
		{AB64963E-2180-4B7C-81A5-C4C829ECBE49}.Release|Any CPU.Build.0 = Release|Any CPU
		{D331DAB8-42C8-4956-9269-CBE60FDF9BB7}.Debug|Any CPU.ActiveCfg = Debug|Any CPU
		{D331DAB8-42C8-4956-9269-CBE60FDF9BB7}.Debug|Any CPU.Build.0 = Debug|Any CPU
		{D331DAB8-42C8-4956-9269-CBE60FDF9BB7}.Release|Any CPU.ActiveCfg = Release|Any CPU
		{D331DAB8-42C8-4956-9269-CBE60FDF9BB7}.Release|Any CPU.Build.0 = Release|Any CPU
	EndGlobalSection
EndGlobal
